// !$*UTF8*$!
{
	archiveVersion = 1;
	classes = {
	};
	objectVersion = 56;
	objects = {

/* Begin PBXBuildFile section */
		D00BF7132A8E539A00594815 /* TitleTableViewCell.swift in Sources */ = {isa = PBXBuildFile; fileRef = D00BF7122A8E539A00594815 /* TitleTableViewCell.swift */; };
		D00BF7152A8E555C00594815 /* TitleViewModel.swift in Sources */ = {isa = PBXBuildFile; fileRef = D00BF7142A8E555C00594815 /* TitleViewModel.swift */; };
		D06712C72A8BBC6E00CE8E15 /* Extensions.swift in Sources */ = {isa = PBXBuildFile; fileRef = D06712C62A8BBC6E00CE8E15 /* Extensions.swift */; };
		D08D65D62A76A80C00FA12ED /* AppDelegate.swift in Sources */ = {isa = PBXBuildFile; fileRef = D08D65D52A76A80C00FA12ED /* AppDelegate.swift */; };
		D08D65D82A76A80C00FA12ED /* SceneDelegate.swift in Sources */ = {isa = PBXBuildFile; fileRef = D08D65D72A76A80C00FA12ED /* SceneDelegate.swift */; };
		D08D65DA2A76A80C00FA12ED /* MainTabBarController.swift in Sources */ = {isa = PBXBuildFile; fileRef = D08D65D92A76A80C00FA12ED /* MainTabBarController.swift */; };
		D08D65DF2A76A80E00FA12ED /* Assets.xcassets in Resources */ = {isa = PBXBuildFile; fileRef = D08D65DE2A76A80E00FA12ED /* Assets.xcassets */; };
		D08D65E22A76A80E00FA12ED /* LaunchScreen.storyboard in Resources */ = {isa = PBXBuildFile; fileRef = D08D65E02A76A80E00FA12ED /* LaunchScreen.storyboard */; };
		D08D65EB2A76AA7600FA12ED /* HomeViewController.swift in Sources */ = {isa = PBXBuildFile; fileRef = D08D65EA2A76AA7600FA12ED /* HomeViewController.swift */; };
		D08D65ED2A76AAC300FA12ED /* UpcomingViewController.swift in Sources */ = {isa = PBXBuildFile; fileRef = D08D65EC2A76AAC300FA12ED /* UpcomingViewController.swift */; };
		D08D65EF2A76AADC00FA12ED /* SearchViewController.swift in Sources */ = {isa = PBXBuildFile; fileRef = D08D65EE2A76AADC00FA12ED /* SearchViewController.swift */; };
		D08D65F12A76AB0000FA12ED /* DownloadsViewController.swift in Sources */ = {isa = PBXBuildFile; fileRef = D08D65F02A76AB0000FA12ED /* DownloadsViewController.swift */; };
		D08D65F82A780A8800FA12ED /* CollectionViewTableViewCell.swift in Sources */ = {isa = PBXBuildFile; fileRef = D08D65F72A780A8800FA12ED /* CollectionViewTableViewCell.swift */; };
		D08D65FA2A780E2D00FA12ED /* HeroHeaderUIView.swift in Sources */ = {isa = PBXBuildFile; fileRef = D08D65F92A780E2D00FA12ED /* HeroHeaderUIView.swift */; };
		D0BB9FF32A7BF3DA00243145 /* APICaller.swift in Sources */ = {isa = PBXBuildFile; fileRef = D0BB9FF22A7BF3DA00243145 /* APICaller.swift */; };
		D0BB9FF52A7BF68900243145 /* Title.swift in Sources */ = {isa = PBXBuildFile; fileRef = D0BB9FF42A7BF68900243145 /* Title.swift */; };
		D0E09A4D2A8D17CD00EF87F0 /* TitleCollectionViewCell.swift in Sources */ = {isa = PBXBuildFile; fileRef = D0E09A4C2A8D17CD00EF87F0 /* TitleCollectionViewCell.swift */; };
		D0E09A502A8D192900EF87F0 /* SDWebImage in Frameworks */ = {isa = PBXBuildFile; productRef = D0E09A4F2A8D192900EF87F0 /* SDWebImage */; };
		D0E09A522A8D192900EF87F0 /* SDWebImageMapKit in Frameworks */ = {isa = PBXBuildFile; productRef = D0E09A512A8D192900EF87F0 /* SDWebImageMapKit */; };
/* End PBXBuildFile section */

/* Begin PBXFileReference section */
		D00BF7122A8E539A00594815 /* TitleTableViewCell.swift */ = {isa = PBXFileReference; lastKnownFileType = sourcecode.swift; path = TitleTableViewCell.swift; sourceTree = "<group>"; };
		D00BF7142A8E555C00594815 /* TitleViewModel.swift */ = {isa = PBXFileReference; lastKnownFileType = sourcecode.swift; path = TitleViewModel.swift; sourceTree = "<group>"; };
		D06712C62A8BBC6E00CE8E15 /* Extensions.swift */ = {isa = PBXFileReference; lastKnownFileType = sourcecode.swift; path = Extensions.swift; sourceTree = "<group>"; };
		D08D65D22A76A80C00FA12ED /* Netflix.app */ = {isa = PBXFileReference; explicitFileType = wrapper.application; includeInIndex = 0; path = Netflix.app; sourceTree = BUILT_PRODUCTS_DIR; };
		D08D65D52A76A80C00FA12ED /* AppDelegate.swift */ = {isa = PBXFileReference; lastKnownFileType = sourcecode.swift; path = AppDelegate.swift; sourceTree = "<group>"; };
		D08D65D72A76A80C00FA12ED /* SceneDelegate.swift */ = {isa = PBXFileReference; lastKnownFileType = sourcecode.swift; path = SceneDelegate.swift; sourceTree = "<group>"; };
		D08D65D92A76A80C00FA12ED /* MainTabBarController.swift */ = {isa = PBXFileReference; lastKnownFileType = sourcecode.swift; path = MainTabBarController.swift; sourceTree = "<group>"; };
		D08D65DE2A76A80E00FA12ED /* Assets.xcassets */ = {isa = PBXFileReference; lastKnownFileType = folder.assetcatalog; path = Assets.xcassets; sourceTree = "<group>"; };
		D08D65E12A76A80E00FA12ED /* Base */ = {isa = PBXFileReference; lastKnownFileType = file.storyboard; name = Base; path = Base.lproj/LaunchScreen.storyboard; sourceTree = "<group>"; };
		D08D65E32A76A80E00FA12ED /* Info.plist */ = {isa = PBXFileReference; lastKnownFileType = text.plist.xml; path = Info.plist; sourceTree = "<group>"; };
		D08D65EA2A76AA7600FA12ED /* HomeViewController.swift */ = {isa = PBXFileReference; lastKnownFileType = sourcecode.swift; path = HomeViewController.swift; sourceTree = "<group>"; };
		D08D65EC2A76AAC300FA12ED /* UpcomingViewController.swift */ = {isa = PBXFileReference; lastKnownFileType = sourcecode.swift; path = UpcomingViewController.swift; sourceTree = "<group>"; };
		D08D65EE2A76AADC00FA12ED /* SearchViewController.swift */ = {isa = PBXFileReference; lastKnownFileType = sourcecode.swift; path = SearchViewController.swift; sourceTree = "<group>"; };
		D08D65F02A76AB0000FA12ED /* DownloadsViewController.swift */ = {isa = PBXFileReference; lastKnownFileType = sourcecode.swift; path = DownloadsViewController.swift; sourceTree = "<group>"; };
		D08D65F72A780A8800FA12ED /* CollectionViewTableViewCell.swift */ = {isa = PBXFileReference; lastKnownFileType = sourcecode.swift; path = CollectionViewTableViewCell.swift; sourceTree = "<group>"; };
		D08D65F92A780E2D00FA12ED /* HeroHeaderUIView.swift */ = {isa = PBXFileReference; lastKnownFileType = sourcecode.swift; path = HeroHeaderUIView.swift; sourceTree = "<group>"; };
		D0BB9FF22A7BF3DA00243145 /* APICaller.swift */ = {isa = PBXFileReference; lastKnownFileType = sourcecode.swift; path = APICaller.swift; sourceTree = "<group>"; };
		D0BB9FF42A7BF68900243145 /* Title.swift */ = {isa = PBXFileReference; lastKnownFileType = sourcecode.swift; path = Title.swift; sourceTree = "<group>"; };
		D0E09A4C2A8D17CD00EF87F0 /* TitleCollectionViewCell.swift */ = {isa = PBXFileReference; lastKnownFileType = sourcecode.swift; path = TitleCollectionViewCell.swift; sourceTree = "<group>"; };
/* End PBXFileReference section */

/* Begin PBXFrameworksBuildPhase section */
		D08D65CF2A76A80C00FA12ED /* Frameworks */ = {
			isa = PBXFrameworksBuildPhase;
			buildActionMask = 2147483647;
			files = (
				D0E09A522A8D192900EF87F0 /* SDWebImageMapKit in Frameworks */,
				D0E09A502A8D192900EF87F0 /* SDWebImage in Frameworks */,
			);
			runOnlyForDeploymentPostprocessing = 0;
		};
/* End PBXFrameworksBuildPhase section */

/* Begin PBXGroup section */
		D08D65C92A76A80C00FA12ED = {
			isa = PBXGroup;
			children = (
				D08D65D42A76A80C00FA12ED /* Netflix */,
				D08D65D32A76A80C00FA12ED /* Products */,
			);
			sourceTree = "<group>";
		};
		D08D65D32A76A80C00FA12ED /* Products */ = {
			isa = PBXGroup;
			children = (
				D08D65D22A76A80C00FA12ED /* Netflix.app */,
			);
			name = Products;
			sourceTree = "<group>";
		};
		D08D65D42A76A80C00FA12ED /* Netflix */ = {
			isa = PBXGroup;
			children = (
				D08D65F62A780A3B00FA12ED /* Managers */,
				D08D65F52A780A2F00FA12ED /* Resources */,
				D08D65F42A780A1E00FA12ED /* Models */,
				D08D65F32A780A0D00FA12ED /* ViewModels */,
				D08D65F22A780A0400FA12ED /* Views */,
				D08D65E92A76AA5E00FA12ED /* Controllers */,
				D08D65D52A76A80C00FA12ED /* AppDelegate.swift */,
				D08D65D72A76A80C00FA12ED /* SceneDelegate.swift */,
				D08D65D92A76A80C00FA12ED /* MainTabBarController.swift */,
				D08D65DE2A76A80E00FA12ED /* Assets.xcassets */,
				D08D65E02A76A80E00FA12ED /* LaunchScreen.storyboard */,
				D08D65E32A76A80E00FA12ED /* Info.plist */,
			);
			path = Netflix;
			sourceTree = "<group>";
		};
		D08D65E92A76AA5E00FA12ED /* Controllers */ = {
			isa = PBXGroup;
			children = (
				D08D65EA2A76AA7600FA12ED /* HomeViewController.swift */,
				D08D65EC2A76AAC300FA12ED /* UpcomingViewController.swift */,
				D08D65EE2A76AADC00FA12ED /* SearchViewController.swift */,
				D08D65F02A76AB0000FA12ED /* DownloadsViewController.swift */,
			);
			path = Controllers;
			sourceTree = "<group>";
		};
		D08D65F22A780A0400FA12ED /* Views */ = {
			isa = PBXGroup;
			children = (
				D08D65F72A780A8800FA12ED /* CollectionViewTableViewCell.swift */,
				D08D65F92A780E2D00FA12ED /* HeroHeaderUIView.swift */,
				D0E09A4C2A8D17CD00EF87F0 /* TitleCollectionViewCell.swift */,
				D00BF7122A8E539A00594815 /* TitleTableViewCell.swift */,
			);
			path = Views;
			sourceTree = "<group>";
		};
		D08D65F32A780A0D00FA12ED /* ViewModels */ = {
			isa = PBXGroup;
			children = (
				D00BF7142A8E555C00594815 /* TitleViewModel.swift */,
			);
			path = ViewModels;
			sourceTree = "<group>";
		};
		D08D65F42A780A1E00FA12ED /* Models */ = {
			isa = PBXGroup;
			children = (
				D0BB9FF42A7BF68900243145 /* Title.swift */,
			);
			path = Models;
			sourceTree = "<group>";
		};
		D08D65F52A780A2F00FA12ED /* Resources */ = {
			isa = PBXGroup;
			children = (
				D06712C62A8BBC6E00CE8E15 /* Extensions.swift */,
			);
			path = Resources;
			sourceTree = "<group>";
		};
		D08D65F62A780A3B00FA12ED /* Managers */ = {
			isa = PBXGroup;
			children = (
				D0BB9FF22A7BF3DA00243145 /* APICaller.swift */,
			);
			path = Managers;
			sourceTree = "<group>";
		};
/* End PBXGroup section */

/* Begin PBXNativeTarget section */
		D08D65D12A76A80C00FA12ED /* Netflix */ = {
			isa = PBXNativeTarget;
			buildConfigurationList = D08D65E62A76A80E00FA12ED /* Build configuration list for PBXNativeTarget "Netflix" */;
			buildPhases = (
				D08D65CE2A76A80C00FA12ED /* Sources */,
				D08D65CF2A76A80C00FA12ED /* Frameworks */,
				D08D65D02A76A80C00FA12ED /* Resources */,
			);
			buildRules = (
			);
			dependencies = (
			);
			name = Netflix;
			packageProductDependencies = (
				D0E09A4F2A8D192900EF87F0 /* SDWebImage */,
				D0E09A512A8D192900EF87F0 /* SDWebImageMapKit */,
			);
			productName = Netflix;
			productReference = D08D65D22A76A80C00FA12ED /* Netflix.app */;
			productType = "com.apple.product-type.application";
		};
/* End PBXNativeTarget section */

/* Begin PBXProject section */
		D08D65CA2A76A80C00FA12ED /* Project object */ = {
			isa = PBXProject;
			attributes = {
				BuildIndependentTargetsInParallel = 1;
				LastSwiftUpdateCheck = 1500;
				LastUpgradeCheck = 1500;
				TargetAttributes = {
					D08D65D12A76A80C00FA12ED = {
						CreatedOnToolsVersion = 15.0;
					};
				};
			};
			buildConfigurationList = D08D65CD2A76A80C00FA12ED /* Build configuration list for PBXProject "Netflix" */;
			compatibilityVersion = "Xcode 14.0";
			developmentRegion = en;
			hasScannedForEncodings = 0;
			knownRegions = (
				en,
				Base,
			);
			mainGroup = D08D65C92A76A80C00FA12ED;
			packageReferences = (
				D0E09A4E2A8D192900EF87F0 /* XCRemoteSwiftPackageReference "SDWebImage" */,
			);
			productRefGroup = D08D65D32A76A80C00FA12ED /* Products */;
			projectDirPath = "";
			projectRoot = "";
			targets = (
				D08D65D12A76A80C00FA12ED /* Netflix */,
			);
		};
/* End PBXProject section */

/* Begin PBXResourcesBuildPhase section */
		D08D65D02A76A80C00FA12ED /* Resources */ = {
			isa = PBXResourcesBuildPhase;
			buildActionMask = 2147483647;
			files = (
				D08D65E22A76A80E00FA12ED /* LaunchScreen.storyboard in Resources */,
				D08D65DF2A76A80E00FA12ED /* Assets.xcassets in Resources */,
			);
			runOnlyForDeploymentPostprocessing = 0;
		};
/* End PBXResourcesBuildPhase section */

/* Begin PBXSourcesBuildPhase section */
		D08D65CE2A76A80C00FA12ED /* Sources */ = {
			isa = PBXSourcesBuildPhase;
			buildActionMask = 2147483647;
			files = (
				D00BF7132A8E539A00594815 /* TitleTableViewCell.swift in Sources */,
				D08D65EF2A76AADC00FA12ED /* SearchViewController.swift in Sources */,
				D0E09A4D2A8D17CD00EF87F0 /* TitleCollectionViewCell.swift in Sources */,
				D08D65DA2A76A80C00FA12ED /* MainTabBarController.swift in Sources */,
				D08D65F82A780A8800FA12ED /* CollectionViewTableViewCell.swift in Sources */,
				D0BB9FF32A7BF3DA00243145 /* APICaller.swift in Sources */,
				D08D65FA2A780E2D00FA12ED /* HeroHeaderUIView.swift in Sources */,
				D08D65F12A76AB0000FA12ED /* DownloadsViewController.swift in Sources */,
				D08D65D62A76A80C00FA12ED /* AppDelegate.swift in Sources */,
				D06712C72A8BBC6E00CE8E15 /* Extensions.swift in Sources */,
				D08D65D82A76A80C00FA12ED /* SceneDelegate.swift in Sources */,
				D08D65ED2A76AAC300FA12ED /* UpcomingViewController.swift in Sources */,
				D0BB9FF52A7BF68900243145 /* Title.swift in Sources */,
				D08D65EB2A76AA7600FA12ED /* HomeViewController.swift in Sources */,
				D00BF7152A8E555C00594815 /* TitleViewModel.swift in Sources */,
			);
			runOnlyForDeploymentPostprocessing = 0;
		};
/* End PBXSourcesBuildPhase section */

/* Begin PBXVariantGroup section */
		D08D65E02A76A80E00FA12ED /* LaunchScreen.storyboard */ = {
			isa = PBXVariantGroup;
			children = (
				D08D65E12A76A80E00FA12ED /* Base */,
			);
			name = LaunchScreen.storyboard;
			sourceTree = "<group>";
		};
/* End PBXVariantGroup section */

/* Begin XCBuildConfiguration section */
		D08D65E42A76A80E00FA12ED /* Debug */ = {
			isa = XCBuildConfiguration;
			buildSettings = {
				ALWAYS_SEARCH_USER_PATHS = NO;
				ASSETCATALOG_COMPILER_GENERATE_SWIFT_ASSET_SYMBOL_EXTENSIONS = YES;
				CLANG_ANALYZER_NONNULL = YES;
				CLANG_ANALYZER_NUMBER_OBJECT_CONVERSION = YES_AGGRESSIVE;
				CLANG_CXX_LANGUAGE_STANDARD = "gnu++20";
				CLANG_ENABLE_MODULES = YES;
				CLANG_ENABLE_OBJC_ARC = YES;
				CLANG_ENABLE_OBJC_WEAK = YES;
				CLANG_WARN_BLOCK_CAPTURE_AUTORELEASING = YES;
				CLANG_WARN_BOOL_CONVERSION = YES;
				CLANG_WARN_COMMA = YES;
				CLANG_WARN_CONSTANT_CONVERSION = YES;
				CLANG_WARN_DEPRECATED_OBJC_IMPLEMENTATIONS = YES;
				CLANG_WARN_DIRECT_OBJC_ISA_USAGE = YES_ERROR;
				CLANG_WARN_DOCUMENTATION_COMMENTS = YES;
				CLANG_WARN_EMPTY_BODY = YES;
				CLANG_WARN_ENUM_CONVERSION = YES;
				CLANG_WARN_INFINITE_RECURSION = YES;
				CLANG_WARN_INT_CONVERSION = YES;
				CLANG_WARN_NON_LITERAL_NULL_CONVERSION = YES;
				CLANG_WARN_OBJC_IMPLICIT_RETAIN_SELF = YES;
				CLANG_WARN_OBJC_LITERAL_CONVERSION = YES;
				CLANG_WARN_OBJC_ROOT_CLASS = YES_ERROR;
				CLANG_WARN_QUOTED_INCLUDE_IN_FRAMEWORK_HEADER = YES;
				CLANG_WARN_RANGE_LOOP_ANALYSIS = YES;
				CLANG_WARN_STRICT_PROTOTYPES = YES;
				CLANG_WARN_SUSPICIOUS_MOVE = YES;
				CLANG_WARN_UNGUARDED_AVAILABILITY = YES_AGGRESSIVE;
				CLANG_WARN_UNREACHABLE_CODE = YES;
				CLANG_WARN__DUPLICATE_METHOD_MATCH = YES;
				COPY_PHASE_STRIP = NO;
				DEBUG_INFORMATION_FORMAT = dwarf;
				ENABLE_STRICT_OBJC_MSGSEND = YES;
				ENABLE_TESTABILITY = YES;
				ENABLE_USER_SCRIPT_SANDBOXING = YES;
				GCC_C_LANGUAGE_STANDARD = gnu17;
				GCC_DYNAMIC_NO_PIC = NO;
				GCC_NO_COMMON_BLOCKS = YES;
				GCC_OPTIMIZATION_LEVEL = 0;
				GCC_PREPROCESSOR_DEFINITIONS = (
					"DEBUG=1",
					"$(inherited)",
				);
				GCC_WARN_64_TO_32_BIT_CONVERSION = YES;
				GCC_WARN_ABOUT_RETURN_TYPE = YES_ERROR;
				GCC_WARN_UNDECLARED_SELECTOR = YES;
				GCC_WARN_UNINITIALIZED_AUTOS = YES_AGGRESSIVE;
				GCC_WARN_UNUSED_FUNCTION = YES;
				GCC_WARN_UNUSED_VARIABLE = YES;
				IPHONEOS_DEPLOYMENT_TARGET = 17.0;
				LOCALIZATION_PREFERS_STRING_CATALOGS = YES;
				MTL_ENABLE_DEBUG_INFO = INCLUDE_SOURCE;
				MTL_FAST_MATH = YES;
				ONLY_ACTIVE_ARCH = YES;
				SDKROOT = iphoneos;
				SWIFT_ACTIVE_COMPILATION_CONDITIONS = "DEBUG $(inherited)";
				SWIFT_OPTIMIZATION_LEVEL = "-Onone";
			};
			name = Debug;
		};
		D08D65E52A76A80E00FA12ED /* Release */ = {
			isa = XCBuildConfiguration;
			buildSettings = {
				ALWAYS_SEARCH_USER_PATHS = NO;
				ASSETCATALOG_COMPILER_GENERATE_SWIFT_ASSET_SYMBOL_EXTENSIONS = YES;
				CLANG_ANALYZER_NONNULL = YES;
				CLANG_ANALYZER_NUMBER_OBJECT_CONVERSION = YES_AGGRESSIVE;
				CLANG_CXX_LANGUAGE_STANDARD = "gnu++20";
				CLANG_ENABLE_MODULES = YES;
				CLANG_ENABLE_OBJC_ARC = YES;
				CLANG_ENABLE_OBJC_WEAK = YES;
				CLANG_WARN_BLOCK_CAPTURE_AUTORELEASING = YES;
				CLANG_WARN_BOOL_CONVERSION = YES;
				CLANG_WARN_COMMA = YES;
				CLANG_WARN_CONSTANT_CONVERSION = YES;
				CLANG_WARN_DEPRECATED_OBJC_IMPLEMENTATIONS = YES;
				CLANG_WARN_DIRECT_OBJC_ISA_USAGE = YES_ERROR;
				CLANG_WARN_DOCUMENTATION_COMMENTS = YES;
				CLANG_WARN_EMPTY_BODY = YES;
				CLANG_WARN_ENUM_CONVERSION = YES;
				CLANG_WARN_INFINITE_RECURSION = YES;
				CLANG_WARN_INT_CONVERSION = YES;
				CLANG_WARN_NON_LITERAL_NULL_CONVERSION = YES;
				CLANG_WARN_OBJC_IMPLICIT_RETAIN_SELF = YES;
				CLANG_WARN_OBJC_LITERAL_CONVERSION = YES;
				CLANG_WARN_OBJC_ROOT_CLASS = YES_ERROR;
				CLANG_WARN_QUOTED_INCLUDE_IN_FRAMEWORK_HEADER = YES;
				CLANG_WARN_RANGE_LOOP_ANALYSIS = YES;
				CLANG_WARN_STRICT_PROTOTYPES = YES;
				CLANG_WARN_SUSPICIOUS_MOVE = YES;
				CLANG_WARN_UNGUARDED_AVAILABILITY = YES_AGGRESSIVE;
				CLANG_WARN_UNREACHABLE_CODE = YES;
				CLANG_WARN__DUPLICATE_METHOD_MATCH = YES;
				COPY_PHASE_STRIP = NO;
				DEBUG_INFORMATION_FORMAT = "dwarf-with-dsym";
				ENABLE_NS_ASSERTIONS = NO;
				ENABLE_STRICT_OBJC_MSGSEND = YES;
				ENABLE_USER_SCRIPT_SANDBOXING = YES;
				GCC_C_LANGUAGE_STANDARD = gnu17;
				GCC_NO_COMMON_BLOCKS = YES;
				GCC_WARN_64_TO_32_BIT_CONVERSION = YES;
				GCC_WARN_ABOUT_RETURN_TYPE = YES_ERROR;
				GCC_WARN_UNDECLARED_SELECTOR = YES;
				GCC_WARN_UNINITIALIZED_AUTOS = YES_AGGRESSIVE;
				GCC_WARN_UNUSED_FUNCTION = YES;
				GCC_WARN_UNUSED_VARIABLE = YES;
				IPHONEOS_DEPLOYMENT_TARGET = 17.0;
				LOCALIZATION_PREFERS_STRING_CATALOGS = YES;
				MTL_ENABLE_DEBUG_INFO = NO;
				MTL_FAST_MATH = YES;
				SDKROOT = iphoneos;
				SWIFT_COMPILATION_MODE = wholemodule;
				VALIDATE_PRODUCT = YES;
			};
			name = Release;
		};
		D08D65E72A76A80E00FA12ED /* Debug */ = {
			isa = XCBuildConfiguration;
			buildSettings = {
				ASSETCATALOG_COMPILER_APPICON_NAME = AppIcon;
				ASSETCATALOG_COMPILER_GLOBAL_ACCENT_COLOR_NAME = AccentColor;
				CODE_SIGN_STYLE = Automatic;
				CURRENT_PROJECT_VERSION = 1;
				DEVELOPMENT_TEAM = XUYG7TPG2C;
				GENERATE_INFOPLIST_FILE = YES;
				INFOPLIST_FILE = Netflix/Info.plist;
				INFOPLIST_KEY_UIApplicationSupportsIndirectInputEvents = YES;
				INFOPLIST_KEY_UILaunchStoryboardName = LaunchScreen;
				INFOPLIST_KEY_UISupportedInterfaceOrientations_iPad = "UIInterfaceOrientationPortrait UIInterfaceOrientationPortraitUpsideDown UIInterfaceOrientationLandscapeLeft UIInterfaceOrientationLandscapeRight";
				INFOPLIST_KEY_UISupportedInterfaceOrientations_iPhone = "UIInterfaceOrientationPortrait UIInterfaceOrientationLandscapeLeft UIInterfaceOrientationLandscapeRight";
				LD_RUNPATH_SEARCH_PATHS = (
					"$(inherited)",
					"@executable_path/Frameworks",
				);
				MARKETING_VERSION = 1.0;
				PRODUCT_BUNDLE_IDENTIFIER = "bolotska-m.Netflix";
				PRODUCT_NAME = "$(TARGET_NAME)";
				SWIFT_EMIT_LOC_STRINGS = YES;
				SWIFT_VERSION = 5.0;
				TARGETED_DEVICE_FAMILY = "1,2";
			};
			name = Debug;
		};
		D08D65E82A76A80E00FA12ED /* Release */ = {
			isa = XCBuildConfiguration;
			buildSettings = {
				ASSETCATALOG_COMPILER_APPICON_NAME = AppIcon;
				ASSETCATALOG_COMPILER_GLOBAL_ACCENT_COLOR_NAME = AccentColor;
				CODE_SIGN_STYLE = Automatic;
				CURRENT_PROJECT_VERSION = 1;
				DEVELOPMENT_TEAM = XUYG7TPG2C;
				GENERATE_INFOPLIST_FILE = YES;
				INFOPLIST_FILE = Netflix/Info.plist;
				INFOPLIST_KEY_UIApplicationSupportsIndirectInputEvents = YES;
				INFOPLIST_KEY_UILaunchStoryboardName = LaunchScreen;
				INFOPLIST_KEY_UISupportedInterfaceOrientations_iPad = "UIInterfaceOrientationPortrait UIInterfaceOrientationPortraitUpsideDown UIInterfaceOrientationLandscapeLeft UIInterfaceOrientationLandscapeRight";
				INFOPLIST_KEY_UISupportedInterfaceOrientations_iPhone = "UIInterfaceOrientationPortrait UIInterfaceOrientationLandscapeLeft UIInterfaceOrientationLandscapeRight";
				LD_RUNPATH_SEARCH_PATHS = (
					"$(inherited)",
					"@executable_path/Frameworks",
				);
				MARKETING_VERSION = 1.0;
				PRODUCT_BUNDLE_IDENTIFIER = "bolotska-m.Netflix";
				PRODUCT_NAME = "$(TARGET_NAME)";
				SWIFT_EMIT_LOC_STRINGS = YES;
				SWIFT_VERSION = 5.0;
				TARGETED_DEVICE_FAMILY = "1,2";
			};
			name = Release;
		};
/* End XCBuildConfiguration section */

/* Begin XCConfigurationList section */
		D08D65CD2A76A80C00FA12ED /* Build configuration list for PBXProject "Netflix" */ = {
			isa = XCConfigurationList;
			buildConfigurations = (
				D08D65E42A76A80E00FA12ED /* Debug */,
				D08D65E52A76A80E00FA12ED /* Release */,
			);
			defaultConfigurationIsVisible = 0;
			defaultConfigurationName = Release;
		};
		D08D65E62A76A80E00FA12ED /* Build configuration list for PBXNativeTarget "Netflix" */ = {
			isa = XCConfigurationList;
			buildConfigurations = (
				D08D65E72A76A80E00FA12ED /* Debug */,
				D08D65E82A76A80E00FA12ED /* Release */,
			);
			defaultConfigurationIsVisible = 0;
			defaultConfigurationName = Release;
		};
/* End XCConfigurationList section */

/* Begin XCRemoteSwiftPackageReference section */
		D0E09A4E2A8D192900EF87F0 /* XCRemoteSwiftPackageReference "SDWebImage" */ = {
			isa = XCRemoteSwiftPackageReference;
			repositoryURL = "https://github.com/SDWebImage/SDWebImage.git";
			requirement = {
				kind = upToNextMajorVersion;
				minimumVersion = 5.17.0;
			};
		};
/* End XCRemoteSwiftPackageReference section */

/* Begin XCSwiftPackageProductDependency section */
		D0E09A4F2A8D192900EF87F0 /* SDWebImage */ = {
			isa = XCSwiftPackageProductDependency;
			package = D0E09A4E2A8D192900EF87F0 /* XCRemoteSwiftPackageReference "SDWebImage" */;
			productName = SDWebImage;
		};
		D0E09A512A8D192900EF87F0 /* SDWebImageMapKit */ = {
			isa = XCSwiftPackageProductDependency;
			package = D0E09A4E2A8D192900EF87F0 /* XCRemoteSwiftPackageReference "SDWebImage" */;
			productName = SDWebImageMapKit;
		};
/* End XCSwiftPackageProductDependency section */
	};
	rootObject = D08D65CA2A76A80C00FA12ED /* Project object */;
}
